// !$*UTF8*$!
{
	archiveVersion = 1;
	classes = {
	};
	objectVersion = 55;
	objects = {

/* Begin PBXBuildFile section */
		EF1C7B83282DE20B00F37D62 /* AnimationTestApp.swift in Sources */ = {isa = PBXBuildFile; fileRef = EF1C7B82282DE20B00F37D62 /* AnimationTestApp.swift */; };
		EF1C7B85282DE20B00F37D62 /* ContentView.swift in Sources */ = {isa = PBXBuildFile; fileRef = EF1C7B84282DE20B00F37D62 /* ContentView.swift */; };
		EF1C7B87282DE20D00F37D62 /* Assets.xcassets in Resources */ = {isa = PBXBuildFile; fileRef = EF1C7B86282DE20D00F37D62 /* Assets.xcassets */; };
		EF1C7B8A282DE20D00F37D62 /* Preview Assets.xcassets in Resources */ = {isa = PBXBuildFile; fileRef = EF1C7B89282DE20D00F37D62 /* Preview Assets.xcassets */; };
		EF1C7B94282DE20D00F37D62 /* AnimationTestTests.swift in Sources */ = {isa = PBXBuildFile; fileRef = EF1C7B93282DE20D00F37D62 /* AnimationTestTests.swift */; };
		EF1C7B9E282DE20D00F37D62 /* AnimationTestUITests.swift in Sources */ = {isa = PBXBuildFile; fileRef = EF1C7B9D282DE20D00F37D62 /* AnimationTestUITests.swift */; };
		EF1C7BA0282DE20D00F37D62 /* AnimationTestUITestsLaunchTests.swift in Sources */ = {isa = PBXBuildFile; fileRef = EF1C7B9F282DE20D00F37D62 /* AnimationTestUITestsLaunchTests.swift */; };
		EF1C7BAD282DE64000F37D62 /* CustomCircle.swift in Sources */ = {isa = PBXBuildFile; fileRef = EF1C7BAC282DE64000F37D62 /* CustomCircle.swift */; };
/* End PBXBuildFile section */

/* Begin PBXContainerItemProxy section */
		EF1C7B90282DE20D00F37D62 /* PBXContainerItemProxy */ = {
			isa = PBXContainerItemProxy;
			containerPortal = EF1C7B77282DE20B00F37D62 /* Project object */;
			proxyType = 1;
			remoteGlobalIDString = EF1C7B7E282DE20B00F37D62;
			remoteInfo = AnimationTest;
		};
		EF1C7B9A282DE20D00F37D62 /* PBXContainerItemProxy */ = {
			isa = PBXContainerItemProxy;
			containerPortal = EF1C7B77282DE20B00F37D62 /* Project object */;
			proxyType = 1;
			remoteGlobalIDString = EF1C7B7E282DE20B00F37D62;
			remoteInfo = AnimationTest;
		};
/* End PBXContainerItemProxy section */

/* Begin PBXFileReference section */
		EF1C7B7F282DE20B00F37D62 /* AnimationTest.app */ = {isa = PBXFileReference; explicitFileType = wrapper.application; includeInIndex = 0; path = AnimationTest.app; sourceTree = BUILT_PRODUCTS_DIR; };
		EF1C7B82282DE20B00F37D62 /* AnimationTestApp.swift */ = {isa = PBXFileReference; lastKnownFileType = sourcecode.swift; path = AnimationTestApp.swift; sourceTree = "<group>"; };
		EF1C7B84282DE20B00F37D62 /* ContentView.swift */ = {isa = PBXFileReference; lastKnownFileType = sourcecode.swift; path = ContentView.swift; sourceTree = "<group>"; };
		EF1C7B86282DE20D00F37D62 /* Assets.xcassets */ = {isa = PBXFileReference; lastKnownFileType = folder.assetcatalog; path = Assets.xcassets; sourceTree = "<group>"; };
		EF1C7B89282DE20D00F37D62 /* Preview Assets.xcassets */ = {isa = PBXFileReference; lastKnownFileType = folder.assetcatalog; path = "Preview Assets.xcassets"; sourceTree = "<group>"; };
		EF1C7B8F282DE20D00F37D62 /* AnimationTestTests.xctest */ = {isa = PBXFileReference; explicitFileType = wrapper.cfbundle; includeInIndex = 0; path = AnimationTestTests.xctest; sourceTree = BUILT_PRODUCTS_DIR; };
		EF1C7B93282DE20D00F37D62 /* AnimationTestTests.swift */ = {isa = PBXFileReference; lastKnownFileType = sourcecode.swift; path = AnimationTestTests.swift; sourceTree = "<group>"; };
		EF1C7B99282DE20D00F37D62 /* AnimationTestUITests.xctest */ = {isa = PBXFileReference; explicitFileType = wrapper.cfbundle; includeInIndex = 0; path = AnimationTestUITests.xctest; sourceTree = BUILT_PRODUCTS_DIR; };
		EF1C7B9D282DE20D00F37D62 /* AnimationTestUITests.swift */ = {isa = PBXFileReference; lastKnownFileType = sourcecode.swift; path = AnimationTestUITests.swift; sourceTree = "<group>"; };
		EF1C7B9F282DE20D00F37D62 /* AnimationTestUITestsLaunchTests.swift */ = {isa = PBXFileReference; lastKnownFileType = sourcecode.swift; path = AnimationTestUITestsLaunchTests.swift; sourceTree = "<group>"; };
		EF1C7BAC282DE64000F37D62 /* CustomCircle.swift */ = {isa = PBXFileReference; lastKnownFileType = sourcecode.swift; path = CustomCircle.swift; sourceTree = "<group>"; };
/* End PBXFileReference section */

/* Begin PBXFrameworksBuildPhase section */
		EF1C7B7C282DE20B00F37D62 /* Frameworks */ = {
			isa = PBXFrameworksBuildPhase;
			buildActionMask = 2147483647;
			files = (
			);
			runOnlyForDeploymentPostprocessing = 0;
		};
		EF1C7B8C282DE20D00F37D62 /* Frameworks */ = {
			isa = PBXFrameworksBuildPhase;
			buildActionMask = 2147483647;
			files = (
			);
			runOnlyForDeploymentPostprocessing = 0;
		};
		EF1C7B96282DE20D00F37D62 /* Frameworks */ = {
			isa = PBXFrameworksBuildPhase;
			buildActionMask = 2147483647;
			files = (
			);
			runOnlyForDeploymentPostprocessing = 0;
		};
/* End PBXFrameworksBuildPhase section */

/* Begin PBXGroup section */
		EF1C7B76282DE20B00F37D62 = {
			isa = PBXGroup;
			children = (
				EF1C7B81282DE20B00F37D62 /* AnimationTest */,
				EF1C7B92282DE20D00F37D62 /* AnimationTestTests */,
				EF1C7B9C282DE20D00F37D62 /* AnimationTestUITests */,
				EF1C7B80282DE20B00F37D62 /* Products */,
			);
			sourceTree = "<group>";
		};
		EF1C7B80282DE20B00F37D62 /* Products */ = {
			isa = PBXGroup;
			children = (
				EF1C7B7F282DE20B00F37D62 /* AnimationTest.app */,
				EF1C7B8F282DE20D00F37D62 /* AnimationTestTests.xctest */,
				EF1C7B99282DE20D00F37D62 /* AnimationTestUITests.xctest */,
			);
			name = Products;
			sourceTree = "<group>";
		};
		EF1C7B81282DE20B00F37D62 /* AnimationTest */ = {
			isa = PBXGroup;
			children = (
				EF1C7B82282DE20B00F37D62 /* AnimationTestApp.swift */,
				EF1C7B84282DE20B00F37D62 /* ContentView.swift */,
				EF1C7BAC282DE64000F37D62 /* CustomCircle.swift */,
				EF1C7B86282DE20D00F37D62 /* Assets.xcassets */,
				EF1C7B88282DE20D00F37D62 /* Preview Content */,
			);
			path = AnimationTest;
			sourceTree = "<group>";
		};
		EF1C7B88282DE20D00F37D62 /* Preview Content */ = {
			isa = PBXGroup;
			children = (
				EF1C7B89282DE20D00F37D62 /* Preview Assets.xcassets */,
			);
			path = "Preview Content";
			sourceTree = "<group>";
		};
		EF1C7B92282DE20D00F37D62 /* AnimationTestTests */ = {
			isa = PBXGroup;
			children = (
				EF1C7B93282DE20D00F37D62 /* AnimationTestTests.swift */,
			);
			path = AnimationTestTests;
			sourceTree = "<group>";
		};
		EF1C7B9C282DE20D00F37D62 /* AnimationTestUITests */ = {
			isa = PBXGroup;
			children = (
				EF1C7B9D282DE20D00F37D62 /* AnimationTestUITests.swift */,
				EF1C7B9F282DE20D00F37D62 /* AnimationTestUITestsLaunchTests.swift */,
			);
			path = AnimationTestUITests;
			sourceTree = "<group>";
		};
/* End PBXGroup section */

/* Begin PBXNativeTarget section */
		EF1C7B7E282DE20B00F37D62 /* AnimationTest */ = {
			isa = PBXNativeTarget;
			buildConfigurationList = EF1C7BA3282DE20D00F37D62 /* Build configuration list for PBXNativeTarget "AnimationTest" */;
			buildPhases = (
				EF1C7B7B282DE20B00F37D62 /* Sources */,
				EF1C7B7C282DE20B00F37D62 /* Frameworks */,
				EF1C7B7D282DE20B00F37D62 /* Resources */,
			);
			buildRules = (
			);
			dependencies = (
			);
			name = AnimationTest;
			productName = AnimationTest;
			productReference = EF1C7B7F282DE20B00F37D62 /* AnimationTest.app */;
			productType = "com.apple.product-type.application";
		};
		EF1C7B8E282DE20D00F37D62 /* AnimationTestTests */ = {
			isa = PBXNativeTarget;
			buildConfigurationList = EF1C7BA6282DE20D00F37D62 /* Build configuration list for PBXNativeTarget "AnimationTestTests" */;
			buildPhases = (
				EF1C7B8B282DE20D00F37D62 /* Sources */,
				EF1C7B8C282DE20D00F37D62 /* Frameworks */,
				EF1C7B8D282DE20D00F37D62 /* Resources */,
			);
			buildRules = (
			);
			dependencies = (
				EF1C7B91282DE20D00F37D62 /* PBXTargetDependency */,
			);
			name = AnimationTestTests;
			productName = AnimationTestTests;
			productReference = EF1C7B8F282DE20D00F37D62 /* AnimationTestTests.xctest */;
			productType = "com.apple.product-type.bundle.unit-test";
		};
		EF1C7B98282DE20D00F37D62 /* AnimationTestUITests */ = {
			isa = PBXNativeTarget;
			buildConfigurationList = EF1C7BA9282DE20D00F37D62 /* Build configuration list for PBXNativeTarget "AnimationTestUITests" */;
			buildPhases = (
				EF1C7B95282DE20D00F37D62 /* Sources */,
				EF1C7B96282DE20D00F37D62 /* Frameworks */,
				EF1C7B97282DE20D00F37D62 /* Resources */,
			);
			buildRules = (
			);
			dependencies = (
				EF1C7B9B282DE20D00F37D62 /* PBXTargetDependency */,
			);
			name = AnimationTestUITests;
			productName = AnimationTestUITests;
			productReference = EF1C7B99282DE20D00F37D62 /* AnimationTestUITests.xctest */;
			productType = "com.apple.product-type.bundle.ui-testing";
		};
/* End PBXNativeTarget section */

/* Begin PBXProject section */
		EF1C7B77282DE20B00F37D62 /* Project object */ = {
			isa = PBXProject;
			attributes = {
				BuildIndependentTargetsInParallel = 1;
				LastSwiftUpdateCheck = 1330;
				LastUpgradeCheck = 1330;
				TargetAttributes = {
					EF1C7B7E282DE20B00F37D62 = {
						CreatedOnToolsVersion = 13.3.1;
					};
					EF1C7B8E282DE20D00F37D62 = {
						CreatedOnToolsVersion = 13.3.1;
						TestTargetID = EF1C7B7E282DE20B00F37D62;
					};
					EF1C7B98282DE20D00F37D62 = {
						CreatedOnToolsVersion = 13.3.1;
						TestTargetID = EF1C7B7E282DE20B00F37D62;
					};
				};
			};
			buildConfigurationList = EF1C7B7A282DE20B00F37D62 /* Build configuration list for PBXProject "AnimationTest" */;
			compatibilityVersion = "Xcode 13.0";
			developmentRegion = en;
			hasScannedForEncodings = 0;
			knownRegions = (
				en,
				Base,
			);
			mainGroup = EF1C7B76282DE20B00F37D62;
			productRefGroup = EF1C7B80282DE20B00F37D62 /* Products */;
			projectDirPath = "";
			projectRoot = "";
			targets = (
				EF1C7B7E282DE20B00F37D62 /* AnimationTest */,
				EF1C7B8E282DE20D00F37D62 /* AnimationTestTests */,
				EF1C7B98282DE20D00F37D62 /* AnimationTestUITests */,
			);
		};
/* End PBXProject section */

/* Begin PBXResourcesBuildPhase section */
		EF1C7B7D282DE20B00F37D62 /* Resources */ = {
			isa = PBXResourcesBuildPhase;
			buildActionMask = 2147483647;
			files = (
				EF1C7B8A282DE20D00F37D62 /* Preview Assets.xcassets in Resources */,
				EF1C7B87282DE20D00F37D62 /* Assets.xcassets in Resources */,
			);
			runOnlyForDeploymentPostprocessing = 0;
		};
		EF1C7B8D282DE20D00F37D62 /* Resources */ = {
			isa = PBXResourcesBuildPhase;
			buildActionMask = 2147483647;
			files = (
			);
			runOnlyForDeploymentPostprocessing = 0;
		};
		EF1C7B97282DE20D00F37D62 /* Resources */ = {
			isa = PBXResourcesBuildPhase;
			buildActionMask = 2147483647;
			files = (
			);
			runOnlyForDeploymentPostprocessing = 0;
		};
/* End PBXResourcesBuildPhase section */

/* Begin PBXSourcesBuildPhase section */
		EF1C7B7B282DE20B00F37D62 /* Sources */ = {
			isa = PBXSourcesBuildPhase;
			buildActionMask = 2147483647;
			files = (
				EF1C7B85282DE20B00F37D62 /* ContentView.swift in Sources */,
				EF1C7B83282DE20B00F37D62 /* AnimationTestApp.swift in Sources */,
				EF1C7BAD282DE64000F37D62 /* CustomCircle.swift in Sources */,
			);
			runOnlyForDeploymentPostprocessing = 0;
		};
		EF1C7B8B282DE20D00F37D62 /* Sources */ = {
			isa = PBXSourcesBuildPhase;
			buildActionMask = 2147483647;
			files = (
				EF1C7B94282DE20D00F37D62 /* AnimationTestTests.swift in Sources */,
			);
			runOnlyForDeploymentPostprocessing = 0;
		};
		EF1C7B95282DE20D00F37D62 /* Sources */ = {
			isa = PBXSourcesBuildPhase;
			buildActionMask = 2147483647;
			files = (
				EF1C7B9E282DE20D00F37D62 /* AnimationTestUITests.swift in Sources */,
				EF1C7BA0282DE20D00F37D62 /* AnimationTestUITestsLaunchTests.swift in Sources */,
			);
			runOnlyForDeploymentPostprocessing = 0;
		};
/* End PBXSourcesBuildPhase section */

/* Begin PBXTargetDependency section */
		EF1C7B91282DE20D00F37D62 /* PBXTargetDependency */ = {
			isa = PBXTargetDependency;
			target = EF1C7B7E282DE20B00F37D62 /* AnimationTest */;
			targetProxy = EF1C7B90282DE20D00F37D62 /* PBXContainerItemProxy */;
		};
		EF1C7B9B282DE20D00F37D62 /* PBXTargetDependency */ = {
			isa = PBXTargetDependency;
			target = EF1C7B7E282DE20B00F37D62 /* AnimationTest */;
			targetProxy = EF1C7B9A282DE20D00F37D62 /* PBXContainerItemProxy */;
		};
/* End PBXTargetDependency section */

/* Begin XCBuildConfiguration section */
		EF1C7BA1282DE20D00F37D62 /* Debug */ = {
			isa = XCBuildConfiguration;
			buildSettings = {
				ALWAYS_SEARCH_USER_PATHS = NO;
				CLANG_ANALYZER_NONNULL = YES;
				CLANG_ANALYZER_NUMBER_OBJECT_CONVERSION = YES_AGGRESSIVE;
				CLANG_CXX_LANGUAGE_STANDARD = "gnu++17";
				CLANG_ENABLE_MODULES = YES;
				CLANG_ENABLE_OBJC_ARC = YES;
				CLANG_ENABLE_OBJC_WEAK = YES;
				CLANG_WARN_BLOCK_CAPTURE_AUTORELEASING = YES;
				CLANG_WARN_BOOL_CONVERSION = YES;
				CLANG_WARN_COMMA = YES;
				CLANG_WARN_CONSTANT_CONVERSION = YES;
				CLANG_WARN_DEPRECATED_OBJC_IMPLEMENTATIONS = YES;
				CLANG_WARN_DIRECT_OBJC_ISA_USAGE = YES_ERROR;
				CLANG_WARN_DOCUMENTATION_COMMENTS = YES;
				CLANG_WARN_EMPTY_BODY = YES;
				CLANG_WARN_ENUM_CONVERSION = YES;
				CLANG_WARN_INFINITE_RECURSION = YES;
				CLANG_WARN_INT_CONVERSION = YES;
				CLANG_WARN_NON_LITERAL_NULL_CONVERSION = YES;
				CLANG_WARN_OBJC_IMPLICIT_RETAIN_SELF = YES;
				CLANG_WARN_OBJC_LITERAL_CONVERSION = YES;
				CLANG_WARN_OBJC_ROOT_CLASS = YES_ERROR;
				CLANG_WARN_QUOTED_INCLUDE_IN_FRAMEWORK_HEADER = YES;
				CLANG_WARN_RANGE_LOOP_ANALYSIS = YES;
				CLANG_WARN_STRICT_PROTOTYPES = YES;
				CLANG_WARN_SUSPICIOUS_MOVE = YES;
				CLANG_WARN_UNGUARDED_AVAILABILITY = YES_AGGRESSIVE;
				CLANG_WARN_UNREACHABLE_CODE = YES;
				CLANG_WARN__DUPLICATE_METHOD_MATCH = YES;
				COPY_PHASE_STRIP = NO;
				DEBUG_INFORMATION_FORMAT = dwarf;
				ENABLE_STRICT_OBJC_MSGSEND = YES;
				ENABLE_TESTABILITY = YES;
				GCC_C_LANGUAGE_STANDARD = gnu11;
				GCC_DYNAMIC_NO_PIC = NO;
				GCC_NO_COMMON_BLOCKS = YES;
				GCC_OPTIMIZATION_LEVEL = 0;
				GCC_PREPROCESSOR_DEFINITIONS = (
					"DEBUG=1",
					"$(inherited)",
				);
				GCC_WARN_64_TO_32_BIT_CONVERSION = YES;
				GCC_WARN_ABOUT_RETURN_TYPE = YES_ERROR;
				GCC_WARN_UNDECLARED_SELECTOR = YES;
				GCC_WARN_UNINITIALIZED_AUTOS = YES_AGGRESSIVE;
				GCC_WARN_UNUSED_FUNCTION = YES;
				GCC_WARN_UNUSED_VARIABLE = YES;
				IPHONEOS_DEPLOYMENT_TARGET = 15.4;
				MTL_ENABLE_DEBUG_INFO = INCLUDE_SOURCE;
				MTL_FAST_MATH = YES;
				ONLY_ACTIVE_ARCH = YES;
				SDKROOT = iphoneos;
				SWIFT_ACTIVE_COMPILATION_CONDITIONS = DEBUG;
				SWIFT_OPTIMIZATION_LEVEL = "-Onone";
			};
			name = Debug;
		};
		EF1C7BA2282DE20D00F37D62 /* Release */ = {
			isa = XCBuildConfiguration;
			buildSettings = {
				ALWAYS_SEARCH_USER_PATHS = NO;
				CLANG_ANALYZER_NONNULL = YES;
				CLANG_ANALYZER_NUMBER_OBJECT_CONVERSION = YES_AGGRESSIVE;
				CLANG_CXX_LANGUAGE_STANDARD = "gnu++17";
				CLANG_ENABLE_MODULES = YES;
				CLANG_ENABLE_OBJC_ARC = YES;
				CLANG_ENABLE_OBJC_WEAK = YES;
				CLANG_WARN_BLOCK_CAPTURE_AUTORELEASING = YES;
				CLANG_WARN_BOOL_CONVERSION = YES;
				CLANG_WARN_COMMA = YES;
				CLANG_WARN_CONSTANT_CONVERSION = YES;
				CLANG_WARN_DEPRECATED_OBJC_IMPLEMENTATIONS = YES;
				CLANG_WARN_DIRECT_OBJC_ISA_USAGE = YES_ERROR;
				CLANG_WARN_DOCUMENTATION_COMMENTS = YES;
				CLANG_WARN_EMPTY_BODY = YES;
				CLANG_WARN_ENUM_CONVERSION = YES;
				CLANG_WARN_INFINITE_RECURSION = YES;
				CLANG_WARN_INT_CONVERSION = YES;
				CLANG_WARN_NON_LITERAL_NULL_CONVERSION = YES;
				CLANG_WARN_OBJC_IMPLICIT_RETAIN_SELF = YES;
				CLANG_WARN_OBJC_LITERAL_CONVERSION = YES;
				CLANG_WARN_OBJC_ROOT_CLASS = YES_ERROR;
				CLANG_WARN_QUOTED_INCLUDE_IN_FRAMEWORK_HEADER = YES;
				CLANG_WARN_RANGE_LOOP_ANALYSIS = YES;
				CLANG_WARN_STRICT_PROTOTYPES = YES;
				CLANG_WARN_SUSPICIOUS_MOVE = YES;
				CLANG_WARN_UNGUARDED_AVAILABILITY = YES_AGGRESSIVE;
				CLANG_WARN_UNREACHABLE_CODE = YES;
				CLANG_WARN__DUPLICATE_METHOD_MATCH = YES;
				COPY_PHASE_STRIP = NO;
				DEBUG_INFORMATION_FORMAT = "dwarf-with-dsym";
				ENABLE_NS_ASSERTIONS = NO;
				ENABLE_STRICT_OBJC_MSGSEND = YES;
				GCC_C_LANGUAGE_STANDARD = gnu11;
				GCC_NO_COMMON_BLOCKS = YES;
				GCC_WARN_64_TO_32_BIT_CONVERSION = YES;
				GCC_WARN_ABOUT_RETURN_TYPE = YES_ERROR;
				GCC_WARN_UNDECLARED_SELECTOR = YES;
				GCC_WARN_UNINITIALIZED_AUTOS = YES_AGGRESSIVE;
				GCC_WARN_UNUSED_FUNCTION = YES;
				GCC_WARN_UNUSED_VARIABLE = YES;
				IPHONEOS_DEPLOYMENT_TARGET = 15.4;
				MTL_ENABLE_DEBUG_INFO = NO;
				MTL_FAST_MATH = YES;
				SDKROOT = iphoneos;
				SWIFT_COMPILATION_MODE = wholemodule;
				SWIFT_OPTIMIZATION_LEVEL = "-O";
				VALIDATE_PRODUCT = YES;
			};
			name = Release;
		};
		EF1C7BA4282DE20D00F37D62 /* Debug */ = {
			isa = XCBuildConfiguration;
			buildSettings = {
				ASSETCATALOG_COMPILER_APPICON_NAME = AppIcon;
				ASSETCATALOG_COMPILER_GLOBAL_ACCENT_COLOR_NAME = AccentColor;
				CODE_SIGN_STYLE = Automatic;
				CURRENT_PROJECT_VERSION = 1;
				DEVELOPMENT_ASSET_PATHS = "\"AnimationTest/Preview Content\"";
				DEVELOPMENT_TEAM = 2WF5FK2F28;
				ENABLE_PREVIEWS = YES;
				GENERATE_INFOPLIST_FILE = YES;
				INFOPLIST_KEY_UIApplicationSceneManifest_Generation = YES;
				INFOPLIST_KEY_UIApplicationSupportsIndirectInputEvents = YES;
				INFOPLIST_KEY_UILaunchScreen_Generation = YES;
				INFOPLIST_KEY_UISupportedInterfaceOrientations_iPad = "UIInterfaceOrientationPortrait UIInterfaceOrientationPortraitUpsideDown UIInterfaceOrientationLandscapeLeft UIInterfaceOrientationLandscapeRight";
				INFOPLIST_KEY_UISupportedInterfaceOrientations_iPhone = "UIInterfaceOrientationPortrait UIInterfaceOrientationLandscapeLeft UIInterfaceOrientationLandscapeRight";
				LD_RUNPATH_SEARCH_PATHS = (
					"$(inherited)",
					"@executable_path/Frameworks",
				);
				MARKETING_VERSION = 1.0;
				PRODUCT_BUNDLE_IDENTIFIER = com.ryu.AnimationTest;
				PRODUCT_NAME = "$(TARGET_NAME)";
				SWIFT_EMIT_LOC_STRINGS = YES;
				SWIFT_VERSION = 5.0;
				TARGETED_DEVICE_FAMILY = "1,2";
			};
			name = Debug;
		};
		EF1C7BA5282DE20D00F37D62 /* Release */ = {
			isa = XCBuildConfiguration;
			buildSettings = {
				ASSETCATALOG_COMPILER_APPICON_NAME = AppIcon;
				ASSETCATALOG_COMPILER_GLOBAL_ACCENT_COLOR_NAME = AccentColor;
				CODE_SIGN_STYLE = Automatic;
				CURRENT_PROJECT_VERSION = 1;
				DEVELOPMENT_ASSET_PATHS = "\"AnimationTest/Preview Content\"";
				DEVELOPMENT_TEAM = 2WF5FK2F28;
				ENABLE_PREVIEWS = YES;
				GENERATE_INFOPLIST_FILE = YES;
				INFOPLIST_KEY_UIApplicationSceneManifest_Generation = YES;
				INFOPLIST_KEY_UIApplicationSupportsIndirectInputEvents = YES;
				INFOPLIST_KEY_UILaunchScreen_Generation = YES;
				INFOPLIST_KEY_UISupportedInterfaceOrientations_iPad = "UIInterfaceOrientationPortrait UIInterfaceOrientationPortraitUpsideDown UIInterfaceOrientationLandscapeLeft UIInterfaceOrientationLandscapeRight";
				INFOPLIST_KEY_UISupportedInterfaceOrientations_iPhone = "UIInterfaceOrientationPortrait UIInterfaceOrientationLandscapeLeft UIInterfaceOrientationLandscapeRight";
				LD_RUNPATH_SEARCH_PATHS = (
					"$(inherited)",
					"@executable_path/Frameworks",
				);
				MARKETING_VERSION = 1.0;
				PRODUCT_BUNDLE_IDENTIFIER = com.ryu.AnimationTest;
				PRODUCT_NAME = "$(TARGET_NAME)";
				SWIFT_EMIT_LOC_STRINGS = YES;
				SWIFT_VERSION = 5.0;
				TARGETED_DEVICE_FAMILY = "1,2";
			};
			name = Release;
		};
		EF1C7BA7282DE20D00F37D62 /* Debug */ = {
			isa = XCBuildConfiguration;
			buildSettings = {
				ALWAYS_EMBED_SWIFT_STANDARD_LIBRARIES = YES;
				BUNDLE_LOADER = "$(TEST_HOST)";
				CODE_SIGN_STYLE = Automatic;
				CURRENT_PROJECT_VERSION = 1;
				DEVELOPMENT_TEAM = 2WF5FK2F28;
				GENERATE_INFOPLIST_FILE = YES;
				IPHONEOS_DEPLOYMENT_TARGET = 15.4;
				MARKETING_VERSION = 1.0;
				PRODUCT_BUNDLE_IDENTIFIER = com.ryu.AnimationTestTests;
				PRODUCT_NAME = "$(TARGET_NAME)";
				SWIFT_EMIT_LOC_STRINGS = NO;
				SWIFT_VERSION = 5.0;
				TARGETED_DEVICE_FAMILY = "1,2";
				TEST_HOST = "$(BUILT_PRODUCTS_DIR)/AnimationTest.app/AnimationTest";
			};
			name = Debug;
		};
		EF1C7BA8282DE20D00F37D62 /* Release */ = {
			isa = XCBuildConfiguration;
			buildSettings = {
				ALWAYS_EMBED_SWIFT_STANDARD_LIBRARIES = YES;
				BUNDLE_LOADER = "$(TEST_HOST)";
				CODE_SIGN_STYLE = Automatic;
				CURRENT_PROJECT_VERSION = 1;
				DEVELOPMENT_TEAM = 2WF5FK2F28;
				GENERATE_INFOPLIST_FILE = YES;
				IPHONEOS_DEPLOYMENT_TARGET = 15.4;
				MARKETING_VERSION = 1.0;
				PRODUCT_BUNDLE_IDENTIFIER = com.ryu.AnimationTestTests;
				PRODUCT_NAME = "$(TARGET_NAME)";
				SWIFT_EMIT_LOC_STRINGS = NO;
				SWIFT_VERSION = 5.0;
				TARGETED_DEVICE_FAMILY = "1,2";
				TEST_HOST = "$(BUILT_PRODUCTS_DIR)/AnimationTest.app/AnimationTest";
			};
			name = Release;
		};
		EF1C7BAA282DE20D00F37D62 /* Debug */ = {
			isa = XCBuildConfiguration;
			buildSettings = {
				ALWAYS_EMBED_SWIFT_STANDARD_LIBRARIES = YES;
				CODE_SIGN_STYLE = Automatic;
				CURRENT_PROJECT_VERSION = 1;
				DEVELOPMENT_TEAM = 2WF5FK2F28;
				GENERATE_INFOPLIST_FILE = YES;
				MARKETING_VERSION = 1.0;
				PRODUCT_BUNDLE_IDENTIFIER = com.ryu.AnimationTestUITests;
				PRODUCT_NAME = "$(TARGET_NAME)";
				SWIFT_EMIT_LOC_STRINGS = NO;
				SWIFT_VERSION = 5.0;
				TARGETED_DEVICE_FAMILY = "1,2";
				TEST_TARGET_NAME = AnimationTest;
			};
			name = Debug;
		};
		EF1C7BAB282DE20D00F37D62 /* Release */ = {
			isa = XCBuildConfiguration;
			buildSettings = {
				ALWAYS_EMBED_SWIFT_STANDARD_LIBRARIES = YES;
				CODE_SIGN_STYLE = Automatic;
				CURRENT_PROJECT_VERSION = 1;
				DEVELOPMENT_TEAM = 2WF5FK2F28;
				GENERATE_INFOPLIST_FILE = YES;
				MARKETING_VERSION = 1.0;
				PRODUCT_BUNDLE_IDENTIFIER = com.ryu.AnimationTestUITests;
				PRODUCT_NAME = "$(TARGET_NAME)";
				SWIFT_EMIT_LOC_STRINGS = NO;
				SWIFT_VERSION = 5.0;
				TARGETED_DEVICE_FAMILY = "1,2";
				TEST_TARGET_NAME = AnimationTest;
			};
			name = Release;
		};
/* End XCBuildConfiguration section */

/* Begin XCConfigurationList section */
		EF1C7B7A282DE20B00F37D62 /* Build configuration list for PBXProject "AnimationTest" */ = {
			isa = XCConfigurationList;
			buildConfigurations = (
				EF1C7BA1282DE20D00F37D62 /* Debug */,
				EF1C7BA2282DE20D00F37D62 /* Release */,
			);
			defaultConfigurationIsVisible = 0;
			defaultConfigurationName = Release;
		};
		EF1C7BA3282DE20D00F37D62 /* Build configuration list for PBXNativeTarget "AnimationTest" */ = {
			isa = XCConfigurationList;
			buildConfigurations = (
				EF1C7BA4282DE20D00F37D62 /* Debug */,
				EF1C7BA5282DE20D00F37D62 /* Release */,
			);
			defaultConfigurationIsVisible = 0;
			defaultConfigurationName = Release;
		};
		EF1C7BA6282DE20D00F37D62 /* Build configuration list for PBXNativeTarget "AnimationTestTests" */ = {
			isa = XCConfigurationList;
			buildConfigurations = (
				EF1C7BA7282DE20D00F37D62 /* Debug */,
				EF1C7BA8282DE20D00F37D62 /* Release */,
			);
			defaultConfigurationIsVisible = 0;
			defaultConfigurationName = Release;
		};
		EF1C7BA9282DE20D00F37D62 /* Build configuration list for PBXNativeTarget "AnimationTestUITests" */ = {
			isa = XCConfigurationList;
			buildConfigurations = (
				EF1C7BAA282DE20D00F37D62 /* Debug */,
				EF1C7BAB282DE20D00F37D62 /* Release */,
			);
			defaultConfigurationIsVisible = 0;
			defaultConfigurationName = Release;
		};
/* End XCConfigurationList section */
	};
	rootObject = EF1C7B77282DE20B00F37D62 /* Project object */;
}
